
Microsoft Visual Studio Solution File, Format Version 12.00
# Visual Studio 15
VisualStudioVersion = 15.0.28010.2050
MinimumVisualStudioVersion = 10.0.40219.1
Project("{FAE04EC0-301F-11D3-BF4B-00C04F79EFBC}") = "6_3JimenezAhumadaJonatanAlberto", "6_3JimenezAhumadaJonatanAlberto\6_3JimenezAhumadaJonatanAlberto.csproj", "{23560172-98F9-461B-9A59-AD24C6E21F21}"
EndProject
Global
	GlobalSection(SolutionConfigurationPlatforms) = preSolution
		Debug|Any CPU = Debug|Any CPU
		Release|Any CPU = Release|Any CPU
	EndGlobalSection
	GlobalSection(ProjectConfigurationPlatforms) = postSolution
		{23560172-98F9-461B-9A59-AD24C6E21F21}.Debug|Any CPU.ActiveCfg = Debug|Any CPU
		{23560172-98F9-461B-9A59-AD24C6E21F21}.Debug|Any CPU.Build.0 = Debug|Any CPU
		{23560172-98F9-461B-9A59-AD24C6E21F21}.Release|Any CPU.ActiveCfg = Release|Any CPU
		{23560172-98F9-461B-9A59-AD24C6E21F21}.Release|Any CPU.Build.0 = Release|Any CPU
	EndGlobalSection
	GlobalSection(SolutionProperties) = preSolution
		HideSolutionNode = FALSE
	EndGlobalSection
	GlobalSection(ExtensibilityGlobals) = postSolution
		SolutionGuid = {0A6BE661-146F-4F50-A4F7-98C7CF14CE6A}
	EndGlobalSection
EndGlobal
